// !$*UTF8*$!
{
	archiveVersion = 1;
	classes = {
	};
	objectVersion = 46;
	objects = {

/* Begin PBXBuildFile section */
		9435710B1A6499D0003333AC /* AppDelegate.swift in Sources */ = {isa = PBXBuildFile; fileRef = 9435710A1A6499D0003333AC /* AppDelegate.swift */; };
		9435710D1A6499D0003333AC /* ViewController.swift in Sources */ = {isa = PBXBuildFile; fileRef = 9435710C1A6499D0003333AC /* ViewController.swift */; };
		943571101A6499D0003333AC /* Main.storyboard in Resources */ = {isa = PBXBuildFile; fileRef = 9435710E1A6499D0003333AC /* Main.storyboard */; };
		943571121A6499D0003333AC /* Images.xcassets in Resources */ = {isa = PBXBuildFile; fileRef = 943571111A6499D0003333AC /* Images.xcassets */; };
		943571151A6499D0003333AC /* LaunchScreen.xib in Resources */ = {isa = PBXBuildFile; fileRef = 943571131A6499D0003333AC /* LaunchScreen.xib */; };
		943571211A6499D0003333AC /* IB_Coding_DemoTests.swift in Sources */ = {isa = PBXBuildFile; fileRef = 943571201A6499D0003333AC /* IB_Coding_DemoTests.swift */; };
		9435712B1A649C07003333AC /* SecondViewController.swift in Sources */ = {isa = PBXBuildFile; fileRef = 9435712A1A649C07003333AC /* SecondViewController.swift */; };
/* End PBXBuildFile section */

/* Begin PBXContainerItemProxy section */
		9435711B1A6499D0003333AC /* PBXContainerItemProxy */ = {
			isa = PBXContainerItemProxy;
			containerPortal = 943570FD1A6499CF003333AC /* Project object */;
			proxyType = 1;
			remoteGlobalIDString = 943571041A6499CF003333AC;
			remoteInfo = "IB Coding Demo";
		};
/* End PBXContainerItemProxy section */

/* Begin PBXFileReference section */
		943571051A6499CF003333AC /* IB Coding Demo.app */ = {isa = PBXFileReference; explicitFileType = wrapper.application; includeInIndex = 0; path = "IB Coding Demo.app"; sourceTree = BUILT_PRODUCTS_DIR; };
		943571091A6499D0003333AC /* Info.plist */ = {isa = PBXFileReference; lastKnownFileType = text.plist.xml; path = Info.plist; sourceTree = "<group>"; };
		9435710A1A6499D0003333AC /* AppDelegate.swift */ = {isa = PBXFileReference; lastKnownFileType = sourcecode.swift; path = AppDelegate.swift; sourceTree = "<group>"; };
		9435710C1A6499D0003333AC /* ViewController.swift */ = {isa = PBXFileReference; lastKnownFileType = sourcecode.swift; path = ViewController.swift; sourceTree = "<group>"; };
		9435710F1A6499D0003333AC /* Base */ = {isa = PBXFileReference; lastKnownFileType = file.storyboard; name = Base; path = Base.lproj/Main.storyboard; sourceTree = "<group>"; };
		943571111A6499D0003333AC /* Images.xcassets */ = {isa = PBXFileReference; lastKnownFileType = folder.assetcatalog; path = Images.xcassets; sourceTree = "<group>"; };
		943571141A6499D0003333AC /* Base */ = {isa = PBXFileReference; lastKnownFileType = file.xib; name = Base; path = Base.lproj/LaunchScreen.xib; sourceTree = "<group>"; };
		9435711A1A6499D0003333AC /* IB Coding DemoTests.xctest */ = {isa = PBXFileReference; explicitFileType = wrapper.cfbundle; includeInIndex = 0; path = "IB Coding DemoTests.xctest"; sourceTree = BUILT_PRODUCTS_DIR; };
		9435711F1A6499D0003333AC /* Info.plist */ = {isa = PBXFileReference; lastKnownFileType = text.plist.xml; path = Info.plist; sourceTree = "<group>"; };
		943571201A6499D0003333AC /* IB_Coding_DemoTests.swift */ = {isa = PBXFileReference; lastKnownFileType = sourcecode.swift; path = IB_Coding_DemoTests.swift; sourceTree = "<group>"; };
		9435712A1A649C07003333AC /* SecondViewController.swift */ = {isa = PBXFileReference; fileEncoding = 4; lastKnownFileType = sourcecode.swift; path = SecondViewController.swift; sourceTree = "<group>"; };
/* End PBXFileReference section */

/* Begin PBXFrameworksBuildPhase section */
		943571021A6499CF003333AC /* Frameworks */ = {
			isa = PBXFrameworksBuildPhase;
			buildActionMask = 2147483647;
			files = (
			);
			runOnlyForDeploymentPostprocessing = 0;
		};
		943571171A6499D0003333AC /* Frameworks */ = {
			isa = PBXFrameworksBuildPhase;
			buildActionMask = 2147483647;
			files = (
			);
			runOnlyForDeploymentPostprocessing = 0;
		};
/* End PBXFrameworksBuildPhase section */

/* Begin PBXGroup section */
		943570FC1A6499CF003333AC = {
			isa = PBXGroup;
			children = (
				943571071A6499CF003333AC /* IB Coding Demo */,
				9435711D1A6499D0003333AC /* IB Coding DemoTests */,
				943571061A6499CF003333AC /* Products */,
			);
			sourceTree = "<group>";
		};
		943571061A6499CF003333AC /* Products */ = {
			isa = PBXGroup;
			children = (
				943571051A6499CF003333AC /* IB Coding Demo.app */,
				9435711A1A6499D0003333AC /* IB Coding DemoTests.xctest */,
			);
			name = Products;
			sourceTree = "<group>";
		};
		943571071A6499CF003333AC /* IB Coding Demo */ = {
			isa = PBXGroup;
			children = (
				9435710A1A6499D0003333AC /* AppDelegate.swift */,
				9435710C1A6499D0003333AC /* ViewController.swift */,
				9435710E1A6499D0003333AC /* Main.storyboard */,
				943571111A6499D0003333AC /* Images.xcassets */,
				943571131A6499D0003333AC /* LaunchScreen.xib */,
				943571081A6499D0003333AC /* Supporting Files */,
				9435712A1A649C07003333AC /* SecondViewController.swift */,
			);
			path = "IB Coding Demo";
			sourceTree = "<group>";
		};
		943571081A6499D0003333AC /* Supporting Files */ = {
			isa = PBXGroup;
			children = (
				943571091A6499D0003333AC /* Info.plist */,
			);
			name = "Supporting Files";
			sourceTree = "<group>";
		};
		9435711D1A6499D0003333AC /* IB Coding DemoTests */ = {
			isa = PBXGroup;
			children = (
				943571201A6499D0003333AC /* IB_Coding_DemoTests.swift */,
				9435711E1A6499D0003333AC /* Supporting Files */,
			);
			path = "IB Coding DemoTests";
			sourceTree = "<group>";
		};
		9435711E1A6499D0003333AC /* Supporting Files */ = {
			isa = PBXGroup;
			children = (
				9435711F1A6499D0003333AC /* Info.plist */,
			);
			name = "Supporting Files";
			sourceTree = "<group>";
		};
/* End PBXGroup section */

/* Begin PBXNativeTarget section */
		943571041A6499CF003333AC /* IB Coding Demo */ = {
			isa = PBXNativeTarget;
			buildConfigurationList = 943571241A6499D0003333AC /* Build configuration list for PBXNativeTarget "IB Coding Demo" */;
			buildPhases = (
				943571011A6499CF003333AC /* Sources */,
				943571021A6499CF003333AC /* Frameworks */,
				943571031A6499CF003333AC /* Resources */,
			);
			buildRules = (
			);
			dependencies = (
			);
			name = "IB Coding Demo";
			productName = "IB Coding Demo";
			productReference = 943571051A6499CF003333AC /* IB Coding Demo.app */;
			productType = "com.apple.product-type.application";
		};
		943571191A6499D0003333AC /* IB Coding DemoTests */ = {
			isa = PBXNativeTarget;
			buildConfigurationList = 943571271A6499D0003333AC /* Build configuration list for PBXNativeTarget "IB Coding DemoTests" */;
			buildPhases = (
				943571161A6499D0003333AC /* Sources */,
				943571171A6499D0003333AC /* Frameworks */,
				943571181A6499D0003333AC /* Resources */,
			);
			buildRules = (
			);
			dependencies = (
				9435711C1A6499D0003333AC /* PBXTargetDependency */,
			);
			name = "IB Coding DemoTests";
			productName = "IB Coding DemoTests";
			productReference = 9435711A1A6499D0003333AC /* IB Coding DemoTests.xctest */;
			productType = "com.apple.product-type.bundle.unit-test";
		};
/* End PBXNativeTarget section */

/* Begin PBXProject section */
		943570FD1A6499CF003333AC /* Project object */ = {
			isa = PBXProject;
			attributes = {
				LastUpgradeCheck = 0610;
				ORGANIZATIONNAME = "Ali Younis";
				TargetAttributes = {
					943571041A6499CF003333AC = {
						CreatedOnToolsVersion = 6.1.1;
					};
					943571191A6499D0003333AC = {
						CreatedOnToolsVersion = 6.1.1;
						TestTargetID = 943571041A6499CF003333AC;
					};
				};
			};
			buildConfigurationList = 943571001A6499CF003333AC /* Build configuration list for PBXProject "IB Coding Demo" */;
			compatibilityVersion = "Xcode 3.2";
			developmentRegion = English;
			hasScannedForEncodings = 0;
			knownRegions = (
				en,
				Base,
			);
			mainGroup = 943570FC1A6499CF003333AC;
			productRefGroup = 943571061A6499CF003333AC /* Products */;
			projectDirPath = "";
			projectRoot = "";
			targets = (
				943571041A6499CF003333AC /* IB Coding Demo */,
				943571191A6499D0003333AC /* IB Coding DemoTests */,
			);
		};
/* End PBXProject section */

/* Begin PBXResourcesBuildPhase section */
		943571031A6499CF003333AC /* Resources */ = {
			isa = PBXResourcesBuildPhase;
			buildActionMask = 2147483647;
			files = (
				943571101A6499D0003333AC /* Main.storyboard in Resources */,
				943571151A6499D0003333AC /* LaunchScreen.xib in Resources */,
				943571121A6499D0003333AC /* Images.xcassets in Resources */,
			);
			runOnlyForDeploymentPostprocessing = 0;
		};
		943571181A6499D0003333AC /* Resources */ = {
			isa = PBXResourcesBuildPhase;
			buildActionMask = 2147483647;
			files = (
			);
			runOnlyForDeploymentPostprocessing = 0;
		};
/* End PBXResourcesBuildPhase section */

/* Begin PBXSourcesBuildPhase section */
		943571011A6499CF003333AC /* Sources */ = {
			isa = PBXSourcesBuildPhase;
			buildActionMask = 2147483647;
			files = (
				9435712B1A649C07003333AC /* SecondViewController.swift in Sources */,
				9435710D1A6499D0003333AC /* ViewController.swift in Sources */,
				9435710B1A6499D0003333AC /* AppDelegate.swift in Sources */,
			);
			runOnlyForDeploymentPostprocessing = 0;
		};
		943571161A6499D0003333AC /* Sources */ = {
			isa = PBXSourcesBuildPhase;
			buildActionMask = 2147483647;
			files = (
				943571211A6499D0003333AC /* IB_Coding_DemoTests.swift in Sources */,
			);
			runOnlyForDeploymentPostprocessing = 0;
		};
/* End PBXSourcesBuildPhase section */

/* Begin PBXTargetDependency section */
		9435711C1A6499D0003333AC /* PBXTargetDependency */ = {
			isa = PBXTargetDependency;
			target = 943571041A6499CF003333AC /* IB Coding Demo */;
			targetProxy = 9435711B1A6499D0003333AC /* PBXContainerItemProxy */;
		};
/* End PBXTargetDependency section */

/* Begin PBXVariantGroup section */
		9435710E1A6499D0003333AC /* Main.storyboard */ = {
			isa = PBXVariantGroup;
			children = (
				9435710F1A6499D0003333AC /* Base */,
			);
			name = Main.storyboard;
			sourceTree = "<group>";
		};
		943571131A6499D0003333AC /* LaunchScreen.xib */ = {
			isa = PBXVariantGroup;
			children = (
				943571141A6499D0003333AC /* Base */,
			);
			name = LaunchScreen.xib;
			sourceTree = "<group>";
		};
/* End PBXVariantGroup section */

/* Begin XCBuildConfiguration section */
		943571221A6499D0003333AC /* Debug */ = {
			isa = XCBuildConfiguration;
			buildSettings = {
				ALWAYS_SEARCH_USER_PATHS = NO;
				CLANG_CXX_LANGUAGE_STANDARD = "gnu++0x";
				CLANG_CXX_LIBRARY = "libc++";
				CLANG_ENABLE_MODULES = YES;
				CLANG_ENABLE_OBJC_ARC = YES;
				CLANG_WARN_BOOL_CONVERSION = YES;
				CLANG_WARN_CONSTANT_CONVERSION = YES;
				CLANG_WARN_DIRECT_OBJC_ISA_USAGE = YES_ERROR;
				CLANG_WARN_EMPTY_BODY = YES;
				CLANG_WARN_ENUM_CONVERSION = YES;
				CLANG_WARN_INT_CONVERSION = YES;
				CLANG_WARN_OBJC_ROOT_CLASS = YES_ERROR;
				CLANG_WARN_UNREACHABLE_CODE = YES;
				CLANG_WARN__DUPLICATE_METHOD_MATCH = YES;
				"CODE_SIGN_IDENTITY[sdk=iphoneos*]" = "iPhone Developer";
				COPY_PHASE_STRIP = NO;
				ENABLE_STRICT_OBJC_MSGSEND = YES;
				GCC_C_LANGUAGE_STANDARD = gnu99;
				GCC_DYNAMIC_NO_PIC = NO;
				GCC_OPTIMIZATION_LEVEL = 0;
				GCC_PREPROCESSOR_DEFINITIONS = (
					"DEBUG=1",
					"$(inherited)",
				);
				GCC_SYMBOLS_PRIVATE_EXTERN = NO;
				GCC_WARN_64_TO_32_BIT_CONVERSION = YES;
				GCC_WARN_ABOUT_RETURN_TYPE = YES_ERROR;
				GCC_WARN_UNDECLARED_SELECTOR = YES;
				GCC_WARN_UNINITIALIZED_AUTOS = YES_AGGRESSIVE;
				GCC_WARN_UNUSED_FUNCTION = YES;
				GCC_WARN_UNUSED_VARIABLE = YES;
				IPHONEOS_DEPLOYMENT_TARGET = 8.1;
				MTL_ENABLE_DEBUG_INFO = YES;
				ONLY_ACTIVE_ARCH = YES;
				SDKROOT = iphoneos;
				SWIFT_OPTIMIZATION_LEVEL = "-Onone";
			};
			name = Debug;
		};
		943571231A6499D0003333AC /* Release */ = {
			isa = XCBuildConfiguration;
			buildSettings = {
				ALWAYS_SEARCH_USER_PATHS = NO;
				CLANG_CXX_LANGUAGE_STANDARD = "gnu++0x";
				CLANG_CXX_LIBRARY = "libc++";
				CLANG_ENABLE_MODULES = YES;
				CLANG_ENABLE_OBJC_ARC = YES;
				CLANG_WARN_BOOL_CONVERSION = YES;
				CLANG_WARN_CONSTANT_CONVERSION = YES;
				CLANG_WARN_DIRECT_OBJC_ISA_USAGE = YES_ERROR;
				CLANG_WARN_EMPTY_BODY = YES;
				CLANG_WARN_ENUM_CONVERSION = YES;
				CLANG_WARN_INT_CONVERSION = YES;
				CLANG_WARN_OBJC_ROOT_CLASS = YES_ERROR;
				CLANG_WARN_UNREACHABLE_CODE = YES;
				CLANG_WARN__DUPLICATE_METHOD_MATCH = YES;
				"CODE_SIGN_IDENTITY[sdk=iphoneos*]" = "iPhone Developer";
				COPY_PHASE_STRIP = YES;
				ENABLE_NS_ASSERTIONS = NO;
				ENABLE_STRICT_OBJC_MSGSEND = YES;
				GCC_C_LANGUAGE_STANDARD = gnu99;
				GCC_WARN_64_TO_32_BIT_CONVERSION = YES;
				GCC_WARN_ABOUT_RETURN_TYPE = YES_ERROR;
				GCC_WARN_UNDECLARED_SELECTOR = YES;
				GCC_WARN_UNINITIALIZED_AUTOS = YES_AGGRESSIVE;
				GCC_WARN_UNUSED_FUNCTION = YES;
				GCC_WARN_UNUSED_VARIABLE = YES;
				IPHONEOS_DEPLOYMENT_TARGET = 8.1;
				MTL_ENABLE_DEBUG_INFO = NO;
				SDKROOT = iphoneos;
				VALIDATE_PRODUCT = YES;
			};
			name = Release;
		};
		943571251A6499D0003333AC /* Debug */ = {
			isa = XCBuildConfiguration;
			buildSettings = {
				ASSETCATALOG_COMPILER_APPICON_NAME = AppIcon;
				INFOPLIST_FILE = "IB Coding Demo/Info.plist";
				LD_RUNPATH_SEARCH_PATHS = "$(inherited) @executable_path/Frameworks";
				PRODUCT_NAME = "$(TARGET_NAME)";
			};
			name = Debug;
		};
		943571261A6499D0003333AC /* Release */ = {
			isa = XCBuildConfiguration;
			buildSettings = {
				ASSETCATALOG_COMPILER_APPICON_NAME = AppIcon;
				INFOPLIST_FILE = "IB Coding Demo/Info.plist";
				LD_RUNPATH_SEARCH_PATHS = "$(inherited) @executable_path/Frameworks";
				PRODUCT_NAME = "$(TARGET_NAME)";
			};
			name = Release;
		};
		943571281A6499D0003333AC /* Debug */ = {
			isa = XCBuildConfiguration;
			buildSettings = {
				BUNDLE_LOADER = "$(TEST_HOST)";
				FRAMEWORK_SEARCH_PATHS = (
					"$(SDKROOT)/Developer/Library/Frameworks",
					"$(inherited)",
				);
				GCC_PREPROCESSOR_DEFINITIONS = (
					"DEBUG=1",
					"$(inherited)",
				);
				INFOPLIST_FILE = "IB Coding DemoTests/Info.plist";
				LD_RUNPATH_SEARCH_PATHS = "$(inherited) @executable_path/Frameworks @loader_path/Frameworks";
				PRODUCT_NAME = "$(TARGET_NAME)";
				TEST_HOST = "$(BUILT_PRODUCTS_DIR)/IB Coding Demo.app/IB Coding Demo";
			};
			name = Debug;
		};
		943571291A6499D0003333AC /* Release */ = {
			isa = XCBuildConfiguration;
			buildSettings = {
				BUNDLE_LOADER = "$(TEST_HOST)";
				FRAMEWORK_SEARCH_PATHS = (
					"$(SDKROOT)/Developer/Library/Frameworks",
					"$(inherited)",
				);
				INFOPLIST_FILE = "IB Coding DemoTests/Info.plist";
				LD_RUNPATH_SEARCH_PATHS = "$(inherited) @executable_path/Frameworks @loader_path/Frameworks";
				PRODUCT_NAME = "$(TARGET_NAME)";
				TEST_HOST = "$(BUILT_PRODUCTS_DIR)/IB Coding Demo.app/IB Coding Demo";
			};
			name = Release;
		};
/* End XCBuildConfiguration section */

/* Begin XCConfigurationList section */
		943571001A6499CF003333AC /* Build configuration list for PBXProject "IB Coding Demo" */ = {
			isa = XCConfigurationList;
			buildConfigurations = (
				943571221A6499D0003333AC /* Debug */,
				943571231A6499D0003333AC /* Release */,
			);
			defaultConfigurationIsVisible = 0;
			defaultConfigurationName = Release;
		};
		943571241A6499D0003333AC /* Build configuration list for PBXNativeTarget "IB Coding Demo" */ = {
			isa = XCConfigurationList;
			buildConfigurations = (
				943571251A6499D0003333AC /* Debug */,
				943571261A6499D0003333AC /* Release */,
			);
			defaultConfigurationIsVisible = 0;
		};
		943571271A6499D0003333AC /* Build configuration list for PBXNativeTarget "IB Coding DemoTests" */ = {
			isa = XCConfigurationList;
			buildConfigurations = (
				943571281A6499D0003333AC /* Debug */,
				943571291A6499D0003333AC /* Release */,
			);
			defaultConfigurationIsVisible = 0;
		};
/* End XCConfigurationList section */
	};
	rootObject = 943570FD1A6499CF003333AC /* Project object */;
}
