// !$*UTF8*$!
{
	archiveVersion = 1;
	classes = {
	};
	objectVersion = 46;
	objects = {

/* Begin PBXBuildFile section */
		94E934DE1AA7E36E00F7F79B /* AppDelegate.swift in Sources */ = {isa = PBXBuildFile; fileRef = 94E934DD1AA7E36E00F7F79B /* AppDelegate.swift */; };
		94E934E11AA7E36E00F7F79B /* mashable.xcdatamodeld in Sources */ = {isa = PBXBuildFile; fileRef = 94E934DF1AA7E36E00F7F79B /* mashable.xcdatamodeld */; };
		94E934E31AA7E36E00F7F79B /* ViewController.swift in Sources */ = {isa = PBXBuildFile; fileRef = 94E934E21AA7E36E00F7F79B /* ViewController.swift */; };
		94E934E61AA7E36E00F7F79B /* Main.storyboard in Resources */ = {isa = PBXBuildFile; fileRef = 94E934E41AA7E36E00F7F79B /* Main.storyboard */; };
		94E934E81AA7E36E00F7F79B /* Images.xcassets in Resources */ = {isa = PBXBuildFile; fileRef = 94E934E71AA7E36E00F7F79B /* Images.xcassets */; };
		94E934EB1AA7E36E00F7F79B /* LaunchScreen.xib in Resources */ = {isa = PBXBuildFile; fileRef = 94E934E91AA7E36E00F7F79B /* LaunchScreen.xib */; };
		94E934F71AA7E36E00F7F79B /* mashableTests.swift in Sources */ = {isa = PBXBuildFile; fileRef = 94E934F61AA7E36E00F7F79B /* mashableTests.swift */; };
/* End PBXBuildFile section */

/* Begin PBXContainerItemProxy section */
		94E934F11AA7E36E00F7F79B /* PBXContainerItemProxy */ = {
			isa = PBXContainerItemProxy;
			containerPortal = 94E934D01AA7E36E00F7F79B /* Project object */;
			proxyType = 1;
			remoteGlobalIDString = 94E934D71AA7E36E00F7F79B;
			remoteInfo = mashable;
		};
/* End PBXContainerItemProxy section */

/* Begin PBXFileReference section */
		94E934D81AA7E36E00F7F79B /* mashable.app */ = {isa = PBXFileReference; explicitFileType = wrapper.application; includeInIndex = 0; path = mashable.app; sourceTree = BUILT_PRODUCTS_DIR; };
		94E934DC1AA7E36E00F7F79B /* Info.plist */ = {isa = PBXFileReference; lastKnownFileType = text.plist.xml; path = Info.plist; sourceTree = "<group>"; };
		94E934DD1AA7E36E00F7F79B /* AppDelegate.swift */ = {isa = PBXFileReference; lastKnownFileType = sourcecode.swift; path = AppDelegate.swift; sourceTree = "<group>"; };
		94E934E01AA7E36E00F7F79B /* mashable.xcdatamodel */ = {isa = PBXFileReference; lastKnownFileType = wrapper.xcdatamodel; path = mashable.xcdatamodel; sourceTree = "<group>"; };
		94E934E21AA7E36E00F7F79B /* ViewController.swift */ = {isa = PBXFileReference; lastKnownFileType = sourcecode.swift; path = ViewController.swift; sourceTree = "<group>"; };
		94E934E51AA7E36E00F7F79B /* Base */ = {isa = PBXFileReference; lastKnownFileType = file.storyboard; name = Base; path = Base.lproj/Main.storyboard; sourceTree = "<group>"; };
		94E934E71AA7E36E00F7F79B /* Images.xcassets */ = {isa = PBXFileReference; lastKnownFileType = folder.assetcatalog; path = Images.xcassets; sourceTree = "<group>"; };
		94E934EA1AA7E36E00F7F79B /* Base */ = {isa = PBXFileReference; lastKnownFileType = file.xib; name = Base; path = Base.lproj/LaunchScreen.xib; sourceTree = "<group>"; };
		94E934F01AA7E36E00F7F79B /* mashableTests.xctest */ = {isa = PBXFileReference; explicitFileType = wrapper.cfbundle; includeInIndex = 0; path = mashableTests.xctest; sourceTree = BUILT_PRODUCTS_DIR; };
		94E934F51AA7E36E00F7F79B /* Info.plist */ = {isa = PBXFileReference; lastKnownFileType = text.plist.xml; path = Info.plist; sourceTree = "<group>"; };
		94E934F61AA7E36E00F7F79B /* mashableTests.swift */ = {isa = PBXFileReference; lastKnownFileType = sourcecode.swift; path = mashableTests.swift; sourceTree = "<group>"; };
/* End PBXFileReference section */

/* Begin PBXFrameworksBuildPhase section */
		94E934D51AA7E36E00F7F79B /* Frameworks */ = {
			isa = PBXFrameworksBuildPhase;
			buildActionMask = 2147483647;
			files = (
			);
			runOnlyForDeploymentPostprocessing = 0;
		};
		94E934ED1AA7E36E00F7F79B /* Frameworks */ = {
			isa = PBXFrameworksBuildPhase;
			buildActionMask = 2147483647;
			files = (
			);
			runOnlyForDeploymentPostprocessing = 0;
		};
/* End PBXFrameworksBuildPhase section */

/* Begin PBXGroup section */
		94E934CF1AA7E36E00F7F79B = {
			isa = PBXGroup;
			children = (
				94E934DA1AA7E36E00F7F79B /* mashable */,
				94E934F31AA7E36E00F7F79B /* mashableTests */,
				94E934D91AA7E36E00F7F79B /* Products */,
			);
			sourceTree = "<group>";
		};
		94E934D91AA7E36E00F7F79B /* Products */ = {
			isa = PBXGroup;
			children = (
				94E934D81AA7E36E00F7F79B /* mashable.app */,
				94E934F01AA7E36E00F7F79B /* mashableTests.xctest */,
			);
			name = Products;
			sourceTree = "<group>";
		};
		94E934DA1AA7E36E00F7F79B /* mashable */ = {
			isa = PBXGroup;
			children = (
				94E934DD1AA7E36E00F7F79B /* AppDelegate.swift */,
				94E934E21AA7E36E00F7F79B /* ViewController.swift */,
				94E934E41AA7E36E00F7F79B /* Main.storyboard */,
				94E934E71AA7E36E00F7F79B /* Images.xcassets */,
				94E934E91AA7E36E00F7F79B /* LaunchScreen.xib */,
				94E934DF1AA7E36E00F7F79B /* mashable.xcdatamodeld */,
				94E934DB1AA7E36E00F7F79B /* Supporting Files */,
			);
			path = mashable;
			sourceTree = "<group>";
		};
		94E934DB1AA7E36E00F7F79B /* Supporting Files */ = {
			isa = PBXGroup;
			children = (
				94E934DC1AA7E36E00F7F79B /* Info.plist */,
			);
			name = "Supporting Files";
			sourceTree = "<group>";
		};
		94E934F31AA7E36E00F7F79B /* mashableTests */ = {
			isa = PBXGroup;
			children = (
				94E934F61AA7E36E00F7F79B /* mashableTests.swift */,
				94E934F41AA7E36E00F7F79B /* Supporting Files */,
			);
			path = mashableTests;
			sourceTree = "<group>";
		};
		94E934F41AA7E36E00F7F79B /* Supporting Files */ = {
			isa = PBXGroup;
			children = (
				94E934F51AA7E36E00F7F79B /* Info.plist */,
			);
			name = "Supporting Files";
			sourceTree = "<group>";
		};
/* End PBXGroup section */

/* Begin PBXNativeTarget section */
		94E934D71AA7E36E00F7F79B /* mashable */ = {
			isa = PBXNativeTarget;
			buildConfigurationList = 94E934FA1AA7E36E00F7F79B /* Build configuration list for PBXNativeTarget "mashable" */;
			buildPhases = (
				94E934D41AA7E36E00F7F79B /* Sources */,
				94E934D51AA7E36E00F7F79B /* Frameworks */,
				94E934D61AA7E36E00F7F79B /* Resources */,
			);
			buildRules = (
			);
			dependencies = (
			);
			name = mashable;
			productName = mashable;
			productReference = 94E934D81AA7E36E00F7F79B /* mashable.app */;
			productType = "com.apple.product-type.application";
		};
		94E934EF1AA7E36E00F7F79B /* mashableTests */ = {
			isa = PBXNativeTarget;
			buildConfigurationList = 94E934FD1AA7E36E00F7F79B /* Build configuration list for PBXNativeTarget "mashableTests" */;
			buildPhases = (
				94E934EC1AA7E36E00F7F79B /* Sources */,
				94E934ED1AA7E36E00F7F79B /* Frameworks */,
				94E934EE1AA7E36E00F7F79B /* Resources */,
			);
			buildRules = (
			);
			dependencies = (
				94E934F21AA7E36E00F7F79B /* PBXTargetDependency */,
			);
			name = mashableTests;
			productName = mashableTests;
			productReference = 94E934F01AA7E36E00F7F79B /* mashableTests.xctest */;
			productType = "com.apple.product-type.bundle.unit-test";
		};
/* End PBXNativeTarget section */

/* Begin PBXProject section */
		94E934D01AA7E36E00F7F79B /* Project object */ = {
			isa = PBXProject;
			attributes = {
				LastUpgradeCheck = 0610;
				ORGANIZATIONNAME = "Ali Younis";
				TargetAttributes = {
					94E934D71AA7E36E00F7F79B = {
						CreatedOnToolsVersion = 6.1.1;
					};
					94E934EF1AA7E36E00F7F79B = {
						CreatedOnToolsVersion = 6.1.1;
						TestTargetID = 94E934D71AA7E36E00F7F79B;
					};
				};
			};
			buildConfigurationList = 94E934D31AA7E36E00F7F79B /* Build configuration list for PBXProject "mashable" */;
			compatibilityVersion = "Xcode 3.2";
			developmentRegion = English;
			hasScannedForEncodings = 0;
			knownRegions = (
				en,
				Base,
			);
			mainGroup = 94E934CF1AA7E36E00F7F79B;
			productRefGroup = 94E934D91AA7E36E00F7F79B /* Products */;
			projectDirPath = "";
			projectRoot = "";
			targets = (
				94E934D71AA7E36E00F7F79B /* mashable */,
				94E934EF1AA7E36E00F7F79B /* mashableTests */,
			);
		};
/* End PBXProject section */

/* Begin PBXResourcesBuildPhase section */
		94E934D61AA7E36E00F7F79B /* Resources */ = {
			isa = PBXResourcesBuildPhase;
			buildActionMask = 2147483647;
			files = (
				94E934E61AA7E36E00F7F79B /* Main.storyboard in Resources */,
				94E934EB1AA7E36E00F7F79B /* LaunchScreen.xib in Resources */,
				94E934E81AA7E36E00F7F79B /* Images.xcassets in Resources */,
			);
			runOnlyForDeploymentPostprocessing = 0;
		};
		94E934EE1AA7E36E00F7F79B /* Resources */ = {
			isa = PBXResourcesBuildPhase;
			buildActionMask = 2147483647;
			files = (
			);
			runOnlyForDeploymentPostprocessing = 0;
		};
/* End PBXResourcesBuildPhase section */

/* Begin PBXSourcesBuildPhase section */
		94E934D41AA7E36E00F7F79B /* Sources */ = {
			isa = PBXSourcesBuildPhase;
			buildActionMask = 2147483647;
			files = (
				94E934E31AA7E36E00F7F79B /* ViewController.swift in Sources */,
				94E934E11AA7E36E00F7F79B /* mashable.xcdatamodeld in Sources */,
				94E934DE1AA7E36E00F7F79B /* AppDelegate.swift in Sources */,
			);
			runOnlyForDeploymentPostprocessing = 0;
		};
		94E934EC1AA7E36E00F7F79B /* Sources */ = {
			isa = PBXSourcesBuildPhase;
			buildActionMask = 2147483647;
			files = (
				94E934F71AA7E36E00F7F79B /* mashableTests.swift in Sources */,
			);
			runOnlyForDeploymentPostprocessing = 0;
		};
/* End PBXSourcesBuildPhase section */

/* Begin PBXTargetDependency section */
		94E934F21AA7E36E00F7F79B /* PBXTargetDependency */ = {
			isa = PBXTargetDependency;
			target = 94E934D71AA7E36E00F7F79B /* mashable */;
			targetProxy = 94E934F11AA7E36E00F7F79B /* PBXContainerItemProxy */;
		};
/* End PBXTargetDependency section */

/* Begin PBXVariantGroup section */
		94E934E41AA7E36E00F7F79B /* Main.storyboard */ = {
			isa = PBXVariantGroup;
			children = (
				94E934E51AA7E36E00F7F79B /* Base */,
			);
			name = Main.storyboard;
			sourceTree = "<group>";
		};
		94E934E91AA7E36E00F7F79B /* LaunchScreen.xib */ = {
			isa = PBXVariantGroup;
			children = (
				94E934EA1AA7E36E00F7F79B /* Base */,
			);
			name = LaunchScreen.xib;
			sourceTree = "<group>";
		};
/* End PBXVariantGroup section */

/* Begin XCBuildConfiguration section */
		94E934F81AA7E36E00F7F79B /* Debug */ = {
			isa = XCBuildConfiguration;
			buildSettings = {
				ALWAYS_SEARCH_USER_PATHS = NO;
				CLANG_CXX_LANGUAGE_STANDARD = "gnu++0x";
				CLANG_CXX_LIBRARY = "libc++";
				CLANG_ENABLE_MODULES = YES;
				CLANG_ENABLE_OBJC_ARC = YES;
				CLANG_WARN_BOOL_CONVERSION = YES;
				CLANG_WARN_CONSTANT_CONVERSION = YES;
				CLANG_WARN_DIRECT_OBJC_ISA_USAGE = YES_ERROR;
				CLANG_WARN_EMPTY_BODY = YES;
				CLANG_WARN_ENUM_CONVERSION = YES;
				CLANG_WARN_INT_CONVERSION = YES;
				CLANG_WARN_OBJC_ROOT_CLASS = YES_ERROR;
				CLANG_WARN_UNREACHABLE_CODE = YES;
				CLANG_WARN__DUPLICATE_METHOD_MATCH = YES;
				"CODE_SIGN_IDENTITY[sdk=iphoneos*]" = "iPhone Developer";
				COPY_PHASE_STRIP = NO;
				ENABLE_STRICT_OBJC_MSGSEND = YES;
				GCC_C_LANGUAGE_STANDARD = gnu99;
				GCC_DYNAMIC_NO_PIC = NO;
				GCC_OPTIMIZATION_LEVEL = 0;
				GCC_PREPROCESSOR_DEFINITIONS = (
					"DEBUG=1",
					"$(inherited)",
				);
				GCC_SYMBOLS_PRIVATE_EXTERN = NO;
				GCC_WARN_64_TO_32_BIT_CONVERSION = YES;
				GCC_WARN_ABOUT_RETURN_TYPE = YES_ERROR;
				GCC_WARN_UNDECLARED_SELECTOR = YES;
				GCC_WARN_UNINITIALIZED_AUTOS = YES_AGGRESSIVE;
				GCC_WARN_UNUSED_FUNCTION = YES;
				GCC_WARN_UNUSED_VARIABLE = YES;
				IPHONEOS_DEPLOYMENT_TARGET = 8.1;
				MTL_ENABLE_DEBUG_INFO = YES;
				ONLY_ACTIVE_ARCH = YES;
				SDKROOT = iphoneos;
				SWIFT_OPTIMIZATION_LEVEL = "-Onone";
				TARGETED_DEVICE_FAMILY = "1,2";
			};
			name = Debug;
		};
		94E934F91AA7E36E00F7F79B /* Release */ = {
			isa = XCBuildConfiguration;
			buildSettings = {
				ALWAYS_SEARCH_USER_PATHS = NO;
				CLANG_CXX_LANGUAGE_STANDARD = "gnu++0x";
				CLANG_CXX_LIBRARY = "libc++";
				CLANG_ENABLE_MODULES = YES;
				CLANG_ENABLE_OBJC_ARC = YES;
				CLANG_WARN_BOOL_CONVERSION = YES;
				CLANG_WARN_CONSTANT_CONVERSION = YES;
				CLANG_WARN_DIRECT_OBJC_ISA_USAGE = YES_ERROR;
				CLANG_WARN_EMPTY_BODY = YES;
				CLANG_WARN_ENUM_CONVERSION = YES;
				CLANG_WARN_INT_CONVERSION = YES;
				CLANG_WARN_OBJC_ROOT_CLASS = YES_ERROR;
				CLANG_WARN_UNREACHABLE_CODE = YES;
				CLANG_WARN__DUPLICATE_METHOD_MATCH = YES;
				"CODE_SIGN_IDENTITY[sdk=iphoneos*]" = "iPhone Developer";
				COPY_PHASE_STRIP = YES;
				ENABLE_NS_ASSERTIONS = NO;
				ENABLE_STRICT_OBJC_MSGSEND = YES;
				GCC_C_LANGUAGE_STANDARD = gnu99;
				GCC_WARN_64_TO_32_BIT_CONVERSION = YES;
				GCC_WARN_ABOUT_RETURN_TYPE = YES_ERROR;
				GCC_WARN_UNDECLARED_SELECTOR = YES;
				GCC_WARN_UNINITIALIZED_AUTOS = YES_AGGRESSIVE;
				GCC_WARN_UNUSED_FUNCTION = YES;
				GCC_WARN_UNUSED_VARIABLE = YES;
				IPHONEOS_DEPLOYMENT_TARGET = 8.1;
				MTL_ENABLE_DEBUG_INFO = NO;
				SDKROOT = iphoneos;
				TARGETED_DEVICE_FAMILY = "1,2";
				VALIDATE_PRODUCT = YES;
			};
			name = Release;
		};
		94E934FB1AA7E36E00F7F79B /* Debug */ = {
			isa = XCBuildConfiguration;
			buildSettings = {
				ASSETCATALOG_COMPILER_APPICON_NAME = AppIcon;
				INFOPLIST_FILE = mashable/Info.plist;
				LD_RUNPATH_SEARCH_PATHS = "$(inherited) @executable_path/Frameworks";
				PRODUCT_NAME = "$(TARGET_NAME)";
			};
			name = Debug;
		};
		94E934FC1AA7E36E00F7F79B /* Release */ = {
			isa = XCBuildConfiguration;
			buildSettings = {
				ASSETCATALOG_COMPILER_APPICON_NAME = AppIcon;
				INFOPLIST_FILE = mashable/Info.plist;
				LD_RUNPATH_SEARCH_PATHS = "$(inherited) @executable_path/Frameworks";
				PRODUCT_NAME = "$(TARGET_NAME)";
			};
			name = Release;
		};
		94E934FE1AA7E36E00F7F79B /* Debug */ = {
			isa = XCBuildConfiguration;
			buildSettings = {
				BUNDLE_LOADER = "$(TEST_HOST)";
				FRAMEWORK_SEARCH_PATHS = (
					"$(SDKROOT)/Developer/Library/Frameworks",
					"$(inherited)",
				);
				GCC_PREPROCESSOR_DEFINITIONS = (
					"DEBUG=1",
					"$(inherited)",
				);
				INFOPLIST_FILE = mashableTests/Info.plist;
				LD_RUNPATH_SEARCH_PATHS = "$(inherited) @executable_path/Frameworks @loader_path/Frameworks";
				PRODUCT_NAME = "$(TARGET_NAME)";
				TEST_HOST = "$(BUILT_PRODUCTS_DIR)/mashable.app/mashable";
			};
			name = Debug;
		};
		94E934FF1AA7E36E00F7F79B /* Release */ = {
			isa = XCBuildConfiguration;
			buildSettings = {
				BUNDLE_LOADER = "$(TEST_HOST)";
				FRAMEWORK_SEARCH_PATHS = (
					"$(SDKROOT)/Developer/Library/Frameworks",
					"$(inherited)",
				);
				INFOPLIST_FILE = mashableTests/Info.plist;
				LD_RUNPATH_SEARCH_PATHS = "$(inherited) @executable_path/Frameworks @loader_path/Frameworks";
				PRODUCT_NAME = "$(TARGET_NAME)";
				TEST_HOST = "$(BUILT_PRODUCTS_DIR)/mashable.app/mashable";
			};
			name = Release;
		};
/* End XCBuildConfiguration section */

/* Begin XCConfigurationList section */
		94E934D31AA7E36E00F7F79B /* Build configuration list for PBXProject "mashable" */ = {
			isa = XCConfigurationList;
			buildConfigurations = (
				94E934F81AA7E36E00F7F79B /* Debug */,
				94E934F91AA7E36E00F7F79B /* Release */,
			);
			defaultConfigurationIsVisible = 0;
			defaultConfigurationName = Release;
		};
		94E934FA1AA7E36E00F7F79B /* Build configuration list for PBXNativeTarget "mashable" */ = {
			isa = XCConfigurationList;
			buildConfigurations = (
				94E934FB1AA7E36E00F7F79B /* Debug */,
				94E934FC1AA7E36E00F7F79B /* Release */,
			);
			defaultConfigurationIsVisible = 0;
		};
		94E934FD1AA7E36E00F7F79B /* Build configuration list for PBXNativeTarget "mashableTests" */ = {
			isa = XCConfigurationList;
			buildConfigurations = (
				94E934FE1AA7E36E00F7F79B /* Debug */,
				94E934FF1AA7E36E00F7F79B /* Release */,
			);
			defaultConfigurationIsVisible = 0;
		};
/* End XCConfigurationList section */

/* Begin XCVersionGroup section */
		94E934DF1AA7E36E00F7F79B /* mashable.xcdatamodeld */ = {
			isa = XCVersionGroup;
			children = (
				94E934E01AA7E36E00F7F79B /* mashable.xcdatamodel */,
			);
			currentVersion = 94E934E01AA7E36E00F7F79B /* mashable.xcdatamodel */;
			path = mashable.xcdatamodeld;
			sourceTree = "<group>";
			versionGroupType = wrapper.xcdatamodel;
		};
/* End XCVersionGroup section */
	};
	rootObject = 94E934D01AA7E36E00F7F79B /* Project object */;
}
