// !$*UTF8*$!
{
	archiveVersion = 1;
	classes = {
	};
	objectVersion = 46;
	objects = {

/* Begin PBXBuildFile section */
		9460112C1A8C249000A5CCB3 /* AppDelegate.swift in Sources */ = {isa = PBXBuildFile; fileRef = 9460112B1A8C249000A5CCB3 /* AppDelegate.swift */; };
		9460112E1A8C249000A5CCB3 /* ViewController.swift in Sources */ = {isa = PBXBuildFile; fileRef = 9460112D1A8C249000A5CCB3 /* ViewController.swift */; };
		946011311A8C249000A5CCB3 /* Main.storyboard in Resources */ = {isa = PBXBuildFile; fileRef = 9460112F1A8C249000A5CCB3 /* Main.storyboard */; };
		946011331A8C249000A5CCB3 /* Images.xcassets in Resources */ = {isa = PBXBuildFile; fileRef = 946011321A8C249000A5CCB3 /* Images.xcassets */; };
		946011361A8C249000A5CCB3 /* LaunchScreen.xib in Resources */ = {isa = PBXBuildFile; fileRef = 946011341A8C249000A5CCB3 /* LaunchScreen.xib */; };
		946011421A8C249000A5CCB3 /* programmatic_autolayoutTests.swift in Sources */ = {isa = PBXBuildFile; fileRef = 946011411A8C249000A5CCB3 /* programmatic_autolayoutTests.swift */; };
/* End PBXBuildFile section */

/* Begin PBXContainerItemProxy section */
		9460113C1A8C249000A5CCB3 /* PBXContainerItemProxy */ = {
			isa = PBXContainerItemProxy;
			containerPortal = 9460111E1A8C249000A5CCB3 /* Project object */;
			proxyType = 1;
			remoteGlobalIDString = 946011251A8C249000A5CCB3;
			remoteInfo = "programmatic autolayout";
		};
/* End PBXContainerItemProxy section */

/* Begin PBXFileReference section */
		946011261A8C249000A5CCB3 /* programmatic autolayout.app */ = {isa = PBXFileReference; explicitFileType = wrapper.application; includeInIndex = 0; path = "programmatic autolayout.app"; sourceTree = BUILT_PRODUCTS_DIR; };
		9460112A1A8C249000A5CCB3 /* Info.plist */ = {isa = PBXFileReference; lastKnownFileType = text.plist.xml; path = Info.plist; sourceTree = "<group>"; };
		9460112B1A8C249000A5CCB3 /* AppDelegate.swift */ = {isa = PBXFileReference; lastKnownFileType = sourcecode.swift; path = AppDelegate.swift; sourceTree = "<group>"; };
		9460112D1A8C249000A5CCB3 /* ViewController.swift */ = {isa = PBXFileReference; lastKnownFileType = sourcecode.swift; path = ViewController.swift; sourceTree = "<group>"; };
		946011301A8C249000A5CCB3 /* Base */ = {isa = PBXFileReference; lastKnownFileType = file.storyboard; name = Base; path = Base.lproj/Main.storyboard; sourceTree = "<group>"; };
		946011321A8C249000A5CCB3 /* Images.xcassets */ = {isa = PBXFileReference; lastKnownFileType = folder.assetcatalog; path = Images.xcassets; sourceTree = "<group>"; };
		946011351A8C249000A5CCB3 /* Base */ = {isa = PBXFileReference; lastKnownFileType = file.xib; name = Base; path = Base.lproj/LaunchScreen.xib; sourceTree = "<group>"; };
		9460113B1A8C249000A5CCB3 /* programmatic autolayoutTests.xctest */ = {isa = PBXFileReference; explicitFileType = wrapper.cfbundle; includeInIndex = 0; path = "programmatic autolayoutTests.xctest"; sourceTree = BUILT_PRODUCTS_DIR; };
		946011401A8C249000A5CCB3 /* Info.plist */ = {isa = PBXFileReference; lastKnownFileType = text.plist.xml; path = Info.plist; sourceTree = "<group>"; };
		946011411A8C249000A5CCB3 /* programmatic_autolayoutTests.swift */ = {isa = PBXFileReference; lastKnownFileType = sourcecode.swift; path = programmatic_autolayoutTests.swift; sourceTree = "<group>"; };
/* End PBXFileReference section */

/* Begin PBXFrameworksBuildPhase section */
		946011231A8C249000A5CCB3 /* Frameworks */ = {
			isa = PBXFrameworksBuildPhase;
			buildActionMask = 2147483647;
			files = (
			);
			runOnlyForDeploymentPostprocessing = 0;
		};
		946011381A8C249000A5CCB3 /* Frameworks */ = {
			isa = PBXFrameworksBuildPhase;
			buildActionMask = 2147483647;
			files = (
			);
			runOnlyForDeploymentPostprocessing = 0;
		};
/* End PBXFrameworksBuildPhase section */

/* Begin PBXGroup section */
		9460111D1A8C249000A5CCB3 = {
			isa = PBXGroup;
			children = (
				946011281A8C249000A5CCB3 /* programmatic autolayout */,
				9460113E1A8C249000A5CCB3 /* programmatic autolayoutTests */,
				946011271A8C249000A5CCB3 /* Products */,
			);
			sourceTree = "<group>";
		};
		946011271A8C249000A5CCB3 /* Products */ = {
			isa = PBXGroup;
			children = (
				946011261A8C249000A5CCB3 /* programmatic autolayout.app */,
				9460113B1A8C249000A5CCB3 /* programmatic autolayoutTests.xctest */,
			);
			name = Products;
			sourceTree = "<group>";
		};
		946011281A8C249000A5CCB3 /* programmatic autolayout */ = {
			isa = PBXGroup;
			children = (
				9460112B1A8C249000A5CCB3 /* AppDelegate.swift */,
				9460112D1A8C249000A5CCB3 /* ViewController.swift */,
				9460112F1A8C249000A5CCB3 /* Main.storyboard */,
				946011321A8C249000A5CCB3 /* Images.xcassets */,
				946011341A8C249000A5CCB3 /* LaunchScreen.xib */,
				946011291A8C249000A5CCB3 /* Supporting Files */,
			);
			path = "programmatic autolayout";
			sourceTree = "<group>";
		};
		946011291A8C249000A5CCB3 /* Supporting Files */ = {
			isa = PBXGroup;
			children = (
				9460112A1A8C249000A5CCB3 /* Info.plist */,
			);
			name = "Supporting Files";
			sourceTree = "<group>";
		};
		9460113E1A8C249000A5CCB3 /* programmatic autolayoutTests */ = {
			isa = PBXGroup;
			children = (
				946011411A8C249000A5CCB3 /* programmatic_autolayoutTests.swift */,
				9460113F1A8C249000A5CCB3 /* Supporting Files */,
			);
			path = "programmatic autolayoutTests";
			sourceTree = "<group>";
		};
		9460113F1A8C249000A5CCB3 /* Supporting Files */ = {
			isa = PBXGroup;
			children = (
				946011401A8C249000A5CCB3 /* Info.plist */,
			);
			name = "Supporting Files";
			sourceTree = "<group>";
		};
/* End PBXGroup section */

/* Begin PBXNativeTarget section */
		946011251A8C249000A5CCB3 /* programmatic autolayout */ = {
			isa = PBXNativeTarget;
			buildConfigurationList = 946011451A8C249000A5CCB3 /* Build configuration list for PBXNativeTarget "programmatic autolayout" */;
			buildPhases = (
				946011221A8C249000A5CCB3 /* Sources */,
				946011231A8C249000A5CCB3 /* Frameworks */,
				946011241A8C249000A5CCB3 /* Resources */,
			);
			buildRules = (
			);
			dependencies = (
			);
			name = "programmatic autolayout";
			productName = "programmatic autolayout";
			productReference = 946011261A8C249000A5CCB3 /* programmatic autolayout.app */;
			productType = "com.apple.product-type.application";
		};
		9460113A1A8C249000A5CCB3 /* programmatic autolayoutTests */ = {
			isa = PBXNativeTarget;
			buildConfigurationList = 946011481A8C249000A5CCB3 /* Build configuration list for PBXNativeTarget "programmatic autolayoutTests" */;
			buildPhases = (
				946011371A8C249000A5CCB3 /* Sources */,
				946011381A8C249000A5CCB3 /* Frameworks */,
				946011391A8C249000A5CCB3 /* Resources */,
			);
			buildRules = (
			);
			dependencies = (
				9460113D1A8C249000A5CCB3 /* PBXTargetDependency */,
			);
			name = "programmatic autolayoutTests";
			productName = "programmatic autolayoutTests";
			productReference = 9460113B1A8C249000A5CCB3 /* programmatic autolayoutTests.xctest */;
			productType = "com.apple.product-type.bundle.unit-test";
		};
/* End PBXNativeTarget section */

/* Begin PBXProject section */
		9460111E1A8C249000A5CCB3 /* Project object */ = {
			isa = PBXProject;
			attributes = {
				LastUpgradeCheck = 0610;
				ORGANIZATIONNAME = "Ali Younis";
				TargetAttributes = {
					946011251A8C249000A5CCB3 = {
						CreatedOnToolsVersion = 6.1.1;
					};
					9460113A1A8C249000A5CCB3 = {
						CreatedOnToolsVersion = 6.1.1;
						TestTargetID = 946011251A8C249000A5CCB3;
					};
				};
			};
			buildConfigurationList = 946011211A8C249000A5CCB3 /* Build configuration list for PBXProject "programmatic autolayout" */;
			compatibilityVersion = "Xcode 3.2";
			developmentRegion = English;
			hasScannedForEncodings = 0;
			knownRegions = (
				en,
				Base,
			);
			mainGroup = 9460111D1A8C249000A5CCB3;
			productRefGroup = 946011271A8C249000A5CCB3 /* Products */;
			projectDirPath = "";
			projectRoot = "";
			targets = (
				946011251A8C249000A5CCB3 /* programmatic autolayout */,
				9460113A1A8C249000A5CCB3 /* programmatic autolayoutTests */,
			);
		};
/* End PBXProject section */

/* Begin PBXResourcesBuildPhase section */
		946011241A8C249000A5CCB3 /* Resources */ = {
			isa = PBXResourcesBuildPhase;
			buildActionMask = 2147483647;
			files = (
				946011311A8C249000A5CCB3 /* Main.storyboard in Resources */,
				946011361A8C249000A5CCB3 /* LaunchScreen.xib in Resources */,
				946011331A8C249000A5CCB3 /* Images.xcassets in Resources */,
			);
			runOnlyForDeploymentPostprocessing = 0;
		};
		946011391A8C249000A5CCB3 /* Resources */ = {
			isa = PBXResourcesBuildPhase;
			buildActionMask = 2147483647;
			files = (
			);
			runOnlyForDeploymentPostprocessing = 0;
		};
/* End PBXResourcesBuildPhase section */

/* Begin PBXSourcesBuildPhase section */
		946011221A8C249000A5CCB3 /* Sources */ = {
			isa = PBXSourcesBuildPhase;
			buildActionMask = 2147483647;
			files = (
				9460112E1A8C249000A5CCB3 /* ViewController.swift in Sources */,
				9460112C1A8C249000A5CCB3 /* AppDelegate.swift in Sources */,
			);
			runOnlyForDeploymentPostprocessing = 0;
		};
		946011371A8C249000A5CCB3 /* Sources */ = {
			isa = PBXSourcesBuildPhase;
			buildActionMask = 2147483647;
			files = (
				946011421A8C249000A5CCB3 /* programmatic_autolayoutTests.swift in Sources */,
			);
			runOnlyForDeploymentPostprocessing = 0;
		};
/* End PBXSourcesBuildPhase section */

/* Begin PBXTargetDependency section */
		9460113D1A8C249000A5CCB3 /* PBXTargetDependency */ = {
			isa = PBXTargetDependency;
			target = 946011251A8C249000A5CCB3 /* programmatic autolayout */;
			targetProxy = 9460113C1A8C249000A5CCB3 /* PBXContainerItemProxy */;
		};
/* End PBXTargetDependency section */

/* Begin PBXVariantGroup section */
		9460112F1A8C249000A5CCB3 /* Main.storyboard */ = {
			isa = PBXVariantGroup;
			children = (
				946011301A8C249000A5CCB3 /* Base */,
			);
			name = Main.storyboard;
			sourceTree = "<group>";
		};
		946011341A8C249000A5CCB3 /* LaunchScreen.xib */ = {
			isa = PBXVariantGroup;
			children = (
				946011351A8C249000A5CCB3 /* Base */,
			);
			name = LaunchScreen.xib;
			sourceTree = "<group>";
		};
/* End PBXVariantGroup section */

/* Begin XCBuildConfiguration section */
		946011431A8C249000A5CCB3 /* Debug */ = {
			isa = XCBuildConfiguration;
			buildSettings = {
				ALWAYS_SEARCH_USER_PATHS = NO;
				CLANG_CXX_LANGUAGE_STANDARD = "gnu++0x";
				CLANG_CXX_LIBRARY = "libc++";
				CLANG_ENABLE_MODULES = YES;
				CLANG_ENABLE_OBJC_ARC = YES;
				CLANG_WARN_BOOL_CONVERSION = YES;
				CLANG_WARN_CONSTANT_CONVERSION = YES;
				CLANG_WARN_DIRECT_OBJC_ISA_USAGE = YES_ERROR;
				CLANG_WARN_EMPTY_BODY = YES;
				CLANG_WARN_ENUM_CONVERSION = YES;
				CLANG_WARN_INT_CONVERSION = YES;
				CLANG_WARN_OBJC_ROOT_CLASS = YES_ERROR;
				CLANG_WARN_UNREACHABLE_CODE = YES;
				CLANG_WARN__DUPLICATE_METHOD_MATCH = YES;
				"CODE_SIGN_IDENTITY[sdk=iphoneos*]" = "iPhone Developer";
				COPY_PHASE_STRIP = NO;
				ENABLE_STRICT_OBJC_MSGSEND = YES;
				GCC_C_LANGUAGE_STANDARD = gnu99;
				GCC_DYNAMIC_NO_PIC = NO;
				GCC_OPTIMIZATION_LEVEL = 0;
				GCC_PREPROCESSOR_DEFINITIONS = (
					"DEBUG=1",
					"$(inherited)",
				);
				GCC_SYMBOLS_PRIVATE_EXTERN = NO;
				GCC_WARN_64_TO_32_BIT_CONVERSION = YES;
				GCC_WARN_ABOUT_RETURN_TYPE = YES_ERROR;
				GCC_WARN_UNDECLARED_SELECTOR = YES;
				GCC_WARN_UNINITIALIZED_AUTOS = YES_AGGRESSIVE;
				GCC_WARN_UNUSED_FUNCTION = YES;
				GCC_WARN_UNUSED_VARIABLE = YES;
				IPHONEOS_DEPLOYMENT_TARGET = 8.1;
				MTL_ENABLE_DEBUG_INFO = YES;
				ONLY_ACTIVE_ARCH = YES;
				SDKROOT = iphoneos;
				SWIFT_OPTIMIZATION_LEVEL = "-Onone";
				TARGETED_DEVICE_FAMILY = "1,2";
			};
			name = Debug;
		};
		946011441A8C249000A5CCB3 /* Release */ = {
			isa = XCBuildConfiguration;
			buildSettings = {
				ALWAYS_SEARCH_USER_PATHS = NO;
				CLANG_CXX_LANGUAGE_STANDARD = "gnu++0x";
				CLANG_CXX_LIBRARY = "libc++";
				CLANG_ENABLE_MODULES = YES;
				CLANG_ENABLE_OBJC_ARC = YES;
				CLANG_WARN_BOOL_CONVERSION = YES;
				CLANG_WARN_CONSTANT_CONVERSION = YES;
				CLANG_WARN_DIRECT_OBJC_ISA_USAGE = YES_ERROR;
				CLANG_WARN_EMPTY_BODY = YES;
				CLANG_WARN_ENUM_CONVERSION = YES;
				CLANG_WARN_INT_CONVERSION = YES;
				CLANG_WARN_OBJC_ROOT_CLASS = YES_ERROR;
				CLANG_WARN_UNREACHABLE_CODE = YES;
				CLANG_WARN__DUPLICATE_METHOD_MATCH = YES;
				"CODE_SIGN_IDENTITY[sdk=iphoneos*]" = "iPhone Developer";
				COPY_PHASE_STRIP = YES;
				ENABLE_NS_ASSERTIONS = NO;
				ENABLE_STRICT_OBJC_MSGSEND = YES;
				GCC_C_LANGUAGE_STANDARD = gnu99;
				GCC_WARN_64_TO_32_BIT_CONVERSION = YES;
				GCC_WARN_ABOUT_RETURN_TYPE = YES_ERROR;
				GCC_WARN_UNDECLARED_SELECTOR = YES;
				GCC_WARN_UNINITIALIZED_AUTOS = YES_AGGRESSIVE;
				GCC_WARN_UNUSED_FUNCTION = YES;
				GCC_WARN_UNUSED_VARIABLE = YES;
				IPHONEOS_DEPLOYMENT_TARGET = 8.1;
				MTL_ENABLE_DEBUG_INFO = NO;
				SDKROOT = iphoneos;
				TARGETED_DEVICE_FAMILY = "1,2";
				VALIDATE_PRODUCT = YES;
			};
			name = Release;
		};
		946011461A8C249000A5CCB3 /* Debug */ = {
			isa = XCBuildConfiguration;
			buildSettings = {
				ASSETCATALOG_COMPILER_APPICON_NAME = AppIcon;
				INFOPLIST_FILE = "programmatic autolayout/Info.plist";
				LD_RUNPATH_SEARCH_PATHS = "$(inherited) @executable_path/Frameworks";
				PRODUCT_NAME = "$(TARGET_NAME)";
			};
			name = Debug;
		};
		946011471A8C249000A5CCB3 /* Release */ = {
			isa = XCBuildConfiguration;
			buildSettings = {
				ASSETCATALOG_COMPILER_APPICON_NAME = AppIcon;
				INFOPLIST_FILE = "programmatic autolayout/Info.plist";
				LD_RUNPATH_SEARCH_PATHS = "$(inherited) @executable_path/Frameworks";
				PRODUCT_NAME = "$(TARGET_NAME)";
			};
			name = Release;
		};
		946011491A8C249000A5CCB3 /* Debug */ = {
			isa = XCBuildConfiguration;
			buildSettings = {
				BUNDLE_LOADER = "$(TEST_HOST)";
				FRAMEWORK_SEARCH_PATHS = (
					"$(SDKROOT)/Developer/Library/Frameworks",
					"$(inherited)",
				);
				GCC_PREPROCESSOR_DEFINITIONS = (
					"DEBUG=1",
					"$(inherited)",
				);
				INFOPLIST_FILE = "programmatic autolayoutTests/Info.plist";
				LD_RUNPATH_SEARCH_PATHS = "$(inherited) @executable_path/Frameworks @loader_path/Frameworks";
				PRODUCT_NAME = "$(TARGET_NAME)";
				TEST_HOST = "$(BUILT_PRODUCTS_DIR)/programmatic autolayout.app/programmatic autolayout";
			};
			name = Debug;
		};
		9460114A1A8C249000A5CCB3 /* Release */ = {
			isa = XCBuildConfiguration;
			buildSettings = {
				BUNDLE_LOADER = "$(TEST_HOST)";
				FRAMEWORK_SEARCH_PATHS = (
					"$(SDKROOT)/Developer/Library/Frameworks",
					"$(inherited)",
				);
				INFOPLIST_FILE = "programmatic autolayoutTests/Info.plist";
				LD_RUNPATH_SEARCH_PATHS = "$(inherited) @executable_path/Frameworks @loader_path/Frameworks";
				PRODUCT_NAME = "$(TARGET_NAME)";
				TEST_HOST = "$(BUILT_PRODUCTS_DIR)/programmatic autolayout.app/programmatic autolayout";
			};
			name = Release;
		};
/* End XCBuildConfiguration section */

/* Begin XCConfigurationList section */
		946011211A8C249000A5CCB3 /* Build configuration list for PBXProject "programmatic autolayout" */ = {
			isa = XCConfigurationList;
			buildConfigurations = (
				946011431A8C249000A5CCB3 /* Debug */,
				946011441A8C249000A5CCB3 /* Release */,
			);
			defaultConfigurationIsVisible = 0;
			defaultConfigurationName = Release;
		};
		946011451A8C249000A5CCB3 /* Build configuration list for PBXNativeTarget "programmatic autolayout" */ = {
			isa = XCConfigurationList;
			buildConfigurations = (
				946011461A8C249000A5CCB3 /* Debug */,
				946011471A8C249000A5CCB3 /* Release */,
			);
			defaultConfigurationIsVisible = 0;
		};
		946011481A8C249000A5CCB3 /* Build configuration list for PBXNativeTarget "programmatic autolayoutTests" */ = {
			isa = XCConfigurationList;
			buildConfigurations = (
				946011491A8C249000A5CCB3 /* Debug */,
				9460114A1A8C249000A5CCB3 /* Release */,
			);
			defaultConfigurationIsVisible = 0;
		};
/* End XCConfigurationList section */
	};
	rootObject = 9460111E1A8C249000A5CCB3 /* Project object */;
}
