// !$*UTF8*$!
{
	archiveVersion = 1;
	classes = {
	};
	objectVersion = 46;
	objects = {

/* Begin PBXBuildFile section */
		946010FE1A898EF000A5CCB3 /* AppDelegate.swift in Sources */ = {isa = PBXBuildFile; fileRef = 946010FD1A898EF000A5CCB3 /* AppDelegate.swift */; };
		946011001A898EF000A5CCB3 /* ViewController.swift in Sources */ = {isa = PBXBuildFile; fileRef = 946010FF1A898EF000A5CCB3 /* ViewController.swift */; };
		946011031A898EF000A5CCB3 /* Main.storyboard in Resources */ = {isa = PBXBuildFile; fileRef = 946011011A898EF000A5CCB3 /* Main.storyboard */; };
		946011051A898EF000A5CCB3 /* Images.xcassets in Resources */ = {isa = PBXBuildFile; fileRef = 946011041A898EF000A5CCB3 /* Images.xcassets */; };
		946011081A898EF000A5CCB3 /* LaunchScreen.xib in Resources */ = {isa = PBXBuildFile; fileRef = 946011061A898EF000A5CCB3 /* LaunchScreen.xib */; };
		946011141A898EF100A5CCB3 /* auto_layout_code_alongTests.swift in Sources */ = {isa = PBXBuildFile; fileRef = 946011131A898EF100A5CCB3 /* auto_layout_code_alongTests.swift */; };
/* End PBXBuildFile section */

/* Begin PBXContainerItemProxy section */
		9460110E1A898EF100A5CCB3 /* PBXContainerItemProxy */ = {
			isa = PBXContainerItemProxy;
			containerPortal = 946010F01A898EF000A5CCB3 /* Project object */;
			proxyType = 1;
			remoteGlobalIDString = 946010F71A898EF000A5CCB3;
			remoteInfo = "auto layout code along";
		};
/* End PBXContainerItemProxy section */

/* Begin PBXFileReference section */
		946010F81A898EF000A5CCB3 /* auto layout code along.app */ = {isa = PBXFileReference; explicitFileType = wrapper.application; includeInIndex = 0; path = "auto layout code along.app"; sourceTree = BUILT_PRODUCTS_DIR; };
		946010FC1A898EF000A5CCB3 /* Info.plist */ = {isa = PBXFileReference; lastKnownFileType = text.plist.xml; path = Info.plist; sourceTree = "<group>"; };
		946010FD1A898EF000A5CCB3 /* AppDelegate.swift */ = {isa = PBXFileReference; lastKnownFileType = sourcecode.swift; path = AppDelegate.swift; sourceTree = "<group>"; };
		946010FF1A898EF000A5CCB3 /* ViewController.swift */ = {isa = PBXFileReference; lastKnownFileType = sourcecode.swift; path = ViewController.swift; sourceTree = "<group>"; };
		946011021A898EF000A5CCB3 /* Base */ = {isa = PBXFileReference; lastKnownFileType = file.storyboard; name = Base; path = Base.lproj/Main.storyboard; sourceTree = "<group>"; };
		946011041A898EF000A5CCB3 /* Images.xcassets */ = {isa = PBXFileReference; lastKnownFileType = folder.assetcatalog; path = Images.xcassets; sourceTree = "<group>"; };
		946011071A898EF000A5CCB3 /* Base */ = {isa = PBXFileReference; lastKnownFileType = file.xib; name = Base; path = Base.lproj/LaunchScreen.xib; sourceTree = "<group>"; };
		9460110D1A898EF100A5CCB3 /* auto layout code alongTests.xctest */ = {isa = PBXFileReference; explicitFileType = wrapper.cfbundle; includeInIndex = 0; path = "auto layout code alongTests.xctest"; sourceTree = BUILT_PRODUCTS_DIR; };
		946011121A898EF100A5CCB3 /* Info.plist */ = {isa = PBXFileReference; lastKnownFileType = text.plist.xml; path = Info.plist; sourceTree = "<group>"; };
		946011131A898EF100A5CCB3 /* auto_layout_code_alongTests.swift */ = {isa = PBXFileReference; lastKnownFileType = sourcecode.swift; path = auto_layout_code_alongTests.swift; sourceTree = "<group>"; };
/* End PBXFileReference section */

/* Begin PBXFrameworksBuildPhase section */
		946010F51A898EF000A5CCB3 /* Frameworks */ = {
			isa = PBXFrameworksBuildPhase;
			buildActionMask = 2147483647;
			files = (
			);
			runOnlyForDeploymentPostprocessing = 0;
		};
		9460110A1A898EF100A5CCB3 /* Frameworks */ = {
			isa = PBXFrameworksBuildPhase;
			buildActionMask = 2147483647;
			files = (
			);
			runOnlyForDeploymentPostprocessing = 0;
		};
/* End PBXFrameworksBuildPhase section */

/* Begin PBXGroup section */
		946010EF1A898EF000A5CCB3 = {
			isa = PBXGroup;
			children = (
				946010FA1A898EF000A5CCB3 /* auto layout code along */,
				946011101A898EF100A5CCB3 /* auto layout code alongTests */,
				946010F91A898EF000A5CCB3 /* Products */,
			);
			sourceTree = "<group>";
		};
		946010F91A898EF000A5CCB3 /* Products */ = {
			isa = PBXGroup;
			children = (
				946010F81A898EF000A5CCB3 /* auto layout code along.app */,
				9460110D1A898EF100A5CCB3 /* auto layout code alongTests.xctest */,
			);
			name = Products;
			sourceTree = "<group>";
		};
		946010FA1A898EF000A5CCB3 /* auto layout code along */ = {
			isa = PBXGroup;
			children = (
				946010FD1A898EF000A5CCB3 /* AppDelegate.swift */,
				946010FF1A898EF000A5CCB3 /* ViewController.swift */,
				946011011A898EF000A5CCB3 /* Main.storyboard */,
				946011041A898EF000A5CCB3 /* Images.xcassets */,
				946011061A898EF000A5CCB3 /* LaunchScreen.xib */,
				946010FB1A898EF000A5CCB3 /* Supporting Files */,
			);
			path = "auto layout code along";
			sourceTree = "<group>";
		};
		946010FB1A898EF000A5CCB3 /* Supporting Files */ = {
			isa = PBXGroup;
			children = (
				946010FC1A898EF000A5CCB3 /* Info.plist */,
			);
			name = "Supporting Files";
			sourceTree = "<group>";
		};
		946011101A898EF100A5CCB3 /* auto layout code alongTests */ = {
			isa = PBXGroup;
			children = (
				946011131A898EF100A5CCB3 /* auto_layout_code_alongTests.swift */,
				946011111A898EF100A5CCB3 /* Supporting Files */,
			);
			path = "auto layout code alongTests";
			sourceTree = "<group>";
		};
		946011111A898EF100A5CCB3 /* Supporting Files */ = {
			isa = PBXGroup;
			children = (
				946011121A898EF100A5CCB3 /* Info.plist */,
			);
			name = "Supporting Files";
			sourceTree = "<group>";
		};
/* End PBXGroup section */

/* Begin PBXNativeTarget section */
		946010F71A898EF000A5CCB3 /* auto layout code along */ = {
			isa = PBXNativeTarget;
			buildConfigurationList = 946011171A898EF100A5CCB3 /* Build configuration list for PBXNativeTarget "auto layout code along" */;
			buildPhases = (
				946010F41A898EF000A5CCB3 /* Sources */,
				946010F51A898EF000A5CCB3 /* Frameworks */,
				946010F61A898EF000A5CCB3 /* Resources */,
			);
			buildRules = (
			);
			dependencies = (
			);
			name = "auto layout code along";
			productName = "auto layout code along";
			productReference = 946010F81A898EF000A5CCB3 /* auto layout code along.app */;
			productType = "com.apple.product-type.application";
		};
		9460110C1A898EF100A5CCB3 /* auto layout code alongTests */ = {
			isa = PBXNativeTarget;
			buildConfigurationList = 9460111A1A898EF100A5CCB3 /* Build configuration list for PBXNativeTarget "auto layout code alongTests" */;
			buildPhases = (
				946011091A898EF100A5CCB3 /* Sources */,
				9460110A1A898EF100A5CCB3 /* Frameworks */,
				9460110B1A898EF100A5CCB3 /* Resources */,
			);
			buildRules = (
			);
			dependencies = (
				9460110F1A898EF100A5CCB3 /* PBXTargetDependency */,
			);
			name = "auto layout code alongTests";
			productName = "auto layout code alongTests";
			productReference = 9460110D1A898EF100A5CCB3 /* auto layout code alongTests.xctest */;
			productType = "com.apple.product-type.bundle.unit-test";
		};
/* End PBXNativeTarget section */

/* Begin PBXProject section */
		946010F01A898EF000A5CCB3 /* Project object */ = {
			isa = PBXProject;
			attributes = {
				LastUpgradeCheck = 0610;
				ORGANIZATIONNAME = "Ali Younis";
				TargetAttributes = {
					946010F71A898EF000A5CCB3 = {
						CreatedOnToolsVersion = 6.1.1;
					};
					9460110C1A898EF100A5CCB3 = {
						CreatedOnToolsVersion = 6.1.1;
						TestTargetID = 946010F71A898EF000A5CCB3;
					};
				};
			};
			buildConfigurationList = 946010F31A898EF000A5CCB3 /* Build configuration list for PBXProject "auto layout code along" */;
			compatibilityVersion = "Xcode 3.2";
			developmentRegion = English;
			hasScannedForEncodings = 0;
			knownRegions = (
				en,
				Base,
			);
			mainGroup = 946010EF1A898EF000A5CCB3;
			productRefGroup = 946010F91A898EF000A5CCB3 /* Products */;
			projectDirPath = "";
			projectRoot = "";
			targets = (
				946010F71A898EF000A5CCB3 /* auto layout code along */,
				9460110C1A898EF100A5CCB3 /* auto layout code alongTests */,
			);
		};
/* End PBXProject section */

/* Begin PBXResourcesBuildPhase section */
		946010F61A898EF000A5CCB3 /* Resources */ = {
			isa = PBXResourcesBuildPhase;
			buildActionMask = 2147483647;
			files = (
				946011031A898EF000A5CCB3 /* Main.storyboard in Resources */,
				946011081A898EF000A5CCB3 /* LaunchScreen.xib in Resources */,
				946011051A898EF000A5CCB3 /* Images.xcassets in Resources */,
			);
			runOnlyForDeploymentPostprocessing = 0;
		};
		9460110B1A898EF100A5CCB3 /* Resources */ = {
			isa = PBXResourcesBuildPhase;
			buildActionMask = 2147483647;
			files = (
			);
			runOnlyForDeploymentPostprocessing = 0;
		};
/* End PBXResourcesBuildPhase section */

/* Begin PBXSourcesBuildPhase section */
		946010F41A898EF000A5CCB3 /* Sources */ = {
			isa = PBXSourcesBuildPhase;
			buildActionMask = 2147483647;
			files = (
				946011001A898EF000A5CCB3 /* ViewController.swift in Sources */,
				946010FE1A898EF000A5CCB3 /* AppDelegate.swift in Sources */,
			);
			runOnlyForDeploymentPostprocessing = 0;
		};
		946011091A898EF100A5CCB3 /* Sources */ = {
			isa = PBXSourcesBuildPhase;
			buildActionMask = 2147483647;
			files = (
				946011141A898EF100A5CCB3 /* auto_layout_code_alongTests.swift in Sources */,
			);
			runOnlyForDeploymentPostprocessing = 0;
		};
/* End PBXSourcesBuildPhase section */

/* Begin PBXTargetDependency section */
		9460110F1A898EF100A5CCB3 /* PBXTargetDependency */ = {
			isa = PBXTargetDependency;
			target = 946010F71A898EF000A5CCB3 /* auto layout code along */;
			targetProxy = 9460110E1A898EF100A5CCB3 /* PBXContainerItemProxy */;
		};
/* End PBXTargetDependency section */

/* Begin PBXVariantGroup section */
		946011011A898EF000A5CCB3 /* Main.storyboard */ = {
			isa = PBXVariantGroup;
			children = (
				946011021A898EF000A5CCB3 /* Base */,
			);
			name = Main.storyboard;
			sourceTree = "<group>";
		};
		946011061A898EF000A5CCB3 /* LaunchScreen.xib */ = {
			isa = PBXVariantGroup;
			children = (
				946011071A898EF000A5CCB3 /* Base */,
			);
			name = LaunchScreen.xib;
			sourceTree = "<group>";
		};
/* End PBXVariantGroup section */

/* Begin XCBuildConfiguration section */
		946011151A898EF100A5CCB3 /* Debug */ = {
			isa = XCBuildConfiguration;
			buildSettings = {
				ALWAYS_SEARCH_USER_PATHS = NO;
				CLANG_CXX_LANGUAGE_STANDARD = "gnu++0x";
				CLANG_CXX_LIBRARY = "libc++";
				CLANG_ENABLE_MODULES = YES;
				CLANG_ENABLE_OBJC_ARC = YES;
				CLANG_WARN_BOOL_CONVERSION = YES;
				CLANG_WARN_CONSTANT_CONVERSION = YES;
				CLANG_WARN_DIRECT_OBJC_ISA_USAGE = YES_ERROR;
				CLANG_WARN_EMPTY_BODY = YES;
				CLANG_WARN_ENUM_CONVERSION = YES;
				CLANG_WARN_INT_CONVERSION = YES;
				CLANG_WARN_OBJC_ROOT_CLASS = YES_ERROR;
				CLANG_WARN_UNREACHABLE_CODE = YES;
				CLANG_WARN__DUPLICATE_METHOD_MATCH = YES;
				"CODE_SIGN_IDENTITY[sdk=iphoneos*]" = "iPhone Developer";
				COPY_PHASE_STRIP = NO;
				ENABLE_STRICT_OBJC_MSGSEND = YES;
				GCC_C_LANGUAGE_STANDARD = gnu99;
				GCC_DYNAMIC_NO_PIC = NO;
				GCC_OPTIMIZATION_LEVEL = 0;
				GCC_PREPROCESSOR_DEFINITIONS = (
					"DEBUG=1",
					"$(inherited)",
				);
				GCC_SYMBOLS_PRIVATE_EXTERN = NO;
				GCC_WARN_64_TO_32_BIT_CONVERSION = YES;
				GCC_WARN_ABOUT_RETURN_TYPE = YES_ERROR;
				GCC_WARN_UNDECLARED_SELECTOR = YES;
				GCC_WARN_UNINITIALIZED_AUTOS = YES_AGGRESSIVE;
				GCC_WARN_UNUSED_FUNCTION = YES;
				GCC_WARN_UNUSED_VARIABLE = YES;
				IPHONEOS_DEPLOYMENT_TARGET = 8.1;
				MTL_ENABLE_DEBUG_INFO = YES;
				ONLY_ACTIVE_ARCH = YES;
				SDKROOT = iphoneos;
				SWIFT_OPTIMIZATION_LEVEL = "-Onone";
				TARGETED_DEVICE_FAMILY = "1,2";
			};
			name = Debug;
		};
		946011161A898EF100A5CCB3 /* Release */ = {
			isa = XCBuildConfiguration;
			buildSettings = {
				ALWAYS_SEARCH_USER_PATHS = NO;
				CLANG_CXX_LANGUAGE_STANDARD = "gnu++0x";
				CLANG_CXX_LIBRARY = "libc++";
				CLANG_ENABLE_MODULES = YES;
				CLANG_ENABLE_OBJC_ARC = YES;
				CLANG_WARN_BOOL_CONVERSION = YES;
				CLANG_WARN_CONSTANT_CONVERSION = YES;
				CLANG_WARN_DIRECT_OBJC_ISA_USAGE = YES_ERROR;
				CLANG_WARN_EMPTY_BODY = YES;
				CLANG_WARN_ENUM_CONVERSION = YES;
				CLANG_WARN_INT_CONVERSION = YES;
				CLANG_WARN_OBJC_ROOT_CLASS = YES_ERROR;
				CLANG_WARN_UNREACHABLE_CODE = YES;
				CLANG_WARN__DUPLICATE_METHOD_MATCH = YES;
				"CODE_SIGN_IDENTITY[sdk=iphoneos*]" = "iPhone Developer";
				COPY_PHASE_STRIP = YES;
				ENABLE_NS_ASSERTIONS = NO;
				ENABLE_STRICT_OBJC_MSGSEND = YES;
				GCC_C_LANGUAGE_STANDARD = gnu99;
				GCC_WARN_64_TO_32_BIT_CONVERSION = YES;
				GCC_WARN_ABOUT_RETURN_TYPE = YES_ERROR;
				GCC_WARN_UNDECLARED_SELECTOR = YES;
				GCC_WARN_UNINITIALIZED_AUTOS = YES_AGGRESSIVE;
				GCC_WARN_UNUSED_FUNCTION = YES;
				GCC_WARN_UNUSED_VARIABLE = YES;
				IPHONEOS_DEPLOYMENT_TARGET = 8.1;
				MTL_ENABLE_DEBUG_INFO = NO;
				SDKROOT = iphoneos;
				TARGETED_DEVICE_FAMILY = "1,2";
				VALIDATE_PRODUCT = YES;
			};
			name = Release;
		};
		946011181A898EF100A5CCB3 /* Debug */ = {
			isa = XCBuildConfiguration;
			buildSettings = {
				ASSETCATALOG_COMPILER_APPICON_NAME = AppIcon;
				INFOPLIST_FILE = "auto layout code along/Info.plist";
				LD_RUNPATH_SEARCH_PATHS = "$(inherited) @executable_path/Frameworks";
				PRODUCT_NAME = "$(TARGET_NAME)";
			};
			name = Debug;
		};
		946011191A898EF100A5CCB3 /* Release */ = {
			isa = XCBuildConfiguration;
			buildSettings = {
				ASSETCATALOG_COMPILER_APPICON_NAME = AppIcon;
				INFOPLIST_FILE = "auto layout code along/Info.plist";
				LD_RUNPATH_SEARCH_PATHS = "$(inherited) @executable_path/Frameworks";
				PRODUCT_NAME = "$(TARGET_NAME)";
			};
			name = Release;
		};
		9460111B1A898EF100A5CCB3 /* Debug */ = {
			isa = XCBuildConfiguration;
			buildSettings = {
				BUNDLE_LOADER = "$(TEST_HOST)";
				FRAMEWORK_SEARCH_PATHS = (
					"$(SDKROOT)/Developer/Library/Frameworks",
					"$(inherited)",
				);
				GCC_PREPROCESSOR_DEFINITIONS = (
					"DEBUG=1",
					"$(inherited)",
				);
				INFOPLIST_FILE = "auto layout code alongTests/Info.plist";
				LD_RUNPATH_SEARCH_PATHS = "$(inherited) @executable_path/Frameworks @loader_path/Frameworks";
				PRODUCT_NAME = "$(TARGET_NAME)";
				TEST_HOST = "$(BUILT_PRODUCTS_DIR)/auto layout code along.app/auto layout code along";
			};
			name = Debug;
		};
		9460111C1A898EF100A5CCB3 /* Release */ = {
			isa = XCBuildConfiguration;
			buildSettings = {
				BUNDLE_LOADER = "$(TEST_HOST)";
				FRAMEWORK_SEARCH_PATHS = (
					"$(SDKROOT)/Developer/Library/Frameworks",
					"$(inherited)",
				);
				INFOPLIST_FILE = "auto layout code alongTests/Info.plist";
				LD_RUNPATH_SEARCH_PATHS = "$(inherited) @executable_path/Frameworks @loader_path/Frameworks";
				PRODUCT_NAME = "$(TARGET_NAME)";
				TEST_HOST = "$(BUILT_PRODUCTS_DIR)/auto layout code along.app/auto layout code along";
			};
			name = Release;
		};
/* End XCBuildConfiguration section */

/* Begin XCConfigurationList section */
		946010F31A898EF000A5CCB3 /* Build configuration list for PBXProject "auto layout code along" */ = {
			isa = XCConfigurationList;
			buildConfigurations = (
				946011151A898EF100A5CCB3 /* Debug */,
				946011161A898EF100A5CCB3 /* Release */,
			);
			defaultConfigurationIsVisible = 0;
			defaultConfigurationName = Release;
		};
		946011171A898EF100A5CCB3 /* Build configuration list for PBXNativeTarget "auto layout code along" */ = {
			isa = XCConfigurationList;
			buildConfigurations = (
				946011181A898EF100A5CCB3 /* Debug */,
				946011191A898EF100A5CCB3 /* Release */,
			);
			defaultConfigurationIsVisible = 0;
		};
		9460111A1A898EF100A5CCB3 /* Build configuration list for PBXNativeTarget "auto layout code alongTests" */ = {
			isa = XCConfigurationList;
			buildConfigurations = (
				9460111B1A898EF100A5CCB3 /* Debug */,
				9460111C1A898EF100A5CCB3 /* Release */,
			);
			defaultConfigurationIsVisible = 0;
		};
/* End XCConfigurationList section */
	};
	rootObject = 946010F01A898EF000A5CCB3 /* Project object */;
}
